
Microsoft Visual Studio Solution File, Format Version 12.00
# Visual Studio Version 17
VisualStudioVersion = 17.13.35806.99
MinimumVisualStudioVersion = 10.0.40219.1
Project("{FAE04EC0-301F-11D3-BF4B-00C04F79EFBC}") = "EmployeeManagement.Api", "EmployeeManagement.Api\EmployeeManagement.Api.csproj", "{9797E121-0E3A-4BF1-8C8F-85DF576767FC}"
EndProject
Project("{FAE04EC0-301F-11D3-BF4B-00C04F79EFBC}") = "EmployeeManagement.Domain", "EmployeeManagement.Domain\EmployeeManagement.Domain.csproj", "{C8DD406F-8F5C-4029-889D-E1795430E762}"
EndProject
Project("{FAE04EC0-301F-11D3-BF4B-00C04F79EFBC}") = "EmployeeManagement.Application", "EmployeeManagement.Application\EmployeeManagement.Application.csproj", "{5C927E65-8E4E-4EEF-83AD-2E1CC67F05BB}"
EndProject
Project("{FAE04EC0-301F-11D3-BF4B-00C04F79EFBC}") = "EmployeeManagement.Infrastructure", "EmployeeManagement.Infrastructure\EmployeeManagement.Infrastructure.csproj", "{A582423E-14B3-412A-B80B-D701682E6B59}"
EndProject
Global
	GlobalSection(SolutionConfigurationPlatforms) = preSolution
		Debug|Any CPU = Debug|Any CPU
		Release|Any CPU = Release|Any CPU
	EndGlobalSection
	GlobalSection(ProjectConfigurationPlatforms) = postSolution
		{9797E121-0E3A-4BF1-8C8F-85DF576767FC}.Debug|Any CPU.ActiveCfg = Debug|Any CPU
		{9797E121-0E3A-4BF1-8C8F-85DF576767FC}.Debug|Any CPU.Build.0 = Debug|Any CPU
		{9797E121-0E3A-4BF1-8C8F-85DF576767FC}.Release|Any CPU.ActiveCfg = Release|Any CPU
		{9797E121-0E3A-4BF1-8C8F-85DF576767FC}.Release|Any CPU.Build.0 = Release|Any CPU
		{C8DD406F-8F5C-4029-889D-E1795430E762}.Debug|Any CPU.ActiveCfg = Debug|Any CPU
		{C8DD406F-8F5C-4029-889D-E1795430E762}.Debug|Any CPU.Build.0 = Debug|Any CPU
		{C8DD406F-8F5C-4029-889D-E1795430E762}.Release|Any CPU.ActiveCfg = Release|Any CPU
		{C8DD406F-8F5C-4029-889D-E1795430E762}.Release|Any CPU.Build.0 = Release|Any CPU
		{5C927E65-8E4E-4EEF-83AD-2E1CC67F05BB}.Debug|Any CPU.ActiveCfg = Debug|Any CPU
		{5C927E65-8E4E-4EEF-83AD-2E1CC67F05BB}.Debug|Any CPU.Build.0 = Debug|Any CPU
		{5C927E65-8E4E-4EEF-83AD-2E1CC67F05BB}.Release|Any CPU.ActiveCfg = Release|Any CPU
		{5C927E65-8E4E-4EEF-83AD-2E1CC67F05BB}.Release|Any CPU.Build.0 = Release|Any CPU
		{A582423E-14B3-412A-B80B-D701682E6B59}.Debug|Any CPU.ActiveCfg = Debug|Any CPU
		{A582423E-14B3-412A-B80B-D701682E6B59}.Debug|Any CPU.Build.0 = Debug|Any CPU
		{A582423E-14B3-412A-B80B-D701682E6B59}.Release|Any CPU.ActiveCfg = Release|Any CPU
		{A582423E-14B3-412A-B80B-D701682E6B59}.Release|Any CPU.Build.0 = Release|Any CPU
	EndGlobalSection
	GlobalSection(SolutionProperties) = preSolution
		HideSolutionNode = FALSE
	EndGlobalSection
	GlobalSection(ExtensibilityGlobals) = postSolution
		SolutionGuid = {BD4BF6A2-F286-46A5-9A47-EACA66634DAA}
	EndGlobalSection
EndGlobal
